{
  "name": "@energma/workspace",
  "version": "0.0.1",
  "lockfileVersion": 3,
  "requires": true,
  "packages": {
    "": {
      "name": "@energma/workspace",
      "version": "0.0.1",
      "hasInstallScript": true,
      "engines": {
        "node": ">=20.17.0",
        "npm": ">=11.1.0"
      }
    }
  }
}
